
Microsoft Visual Studio Solution File, Format Version 12.00
# Visual Studio Version 17
VisualStudioVersion = 17.3.32819.101
MinimumVisualStudioVersion = 10.0.40219.1
Project("{FAE04EC0-301F-11D3-BF4B-00C04F79EFBC}") = "Proyecto Campis", "Proyecto Campis\Proyecto Campis.csproj", "{933BFA14-77DB-4369-B78C-EF47404A640E}"
EndProject
Global
	GlobalSection(SolutionConfigurationPlatforms) = preSolution
		Debug|Any CPU = Debug|Any CPU
		Release|Any CPU = Release|Any CPU
	EndGlobalSection
	GlobalSection(ProjectConfigurationPlatforms) = postSolution
		{933BFA14-77DB-4369-B78C-EF47404A640E}.Debug|Any CPU.ActiveCfg = Debug|Any CPU
		{933BFA14-77DB-4369-B78C-EF47404A640E}.Debug|Any CPU.Build.0 = Debug|Any CPU
		{933BFA14-77DB-4369-B78C-EF47404A640E}.Release|Any CPU.ActiveCfg = Release|Any CPU
		{933BFA14-77DB-4369-B78C-EF47404A640E}.Release|Any CPU.Build.0 = Release|Any CPU
	EndGlobalSection
	GlobalSection(SolutionProperties) = preSolution
		HideSolutionNode = FALSE
	EndGlobalSection
	GlobalSection(ExtensibilityGlobals) = postSolution
		SolutionGuid = {2C75E8A1-C744-44A5-B1BF-EB94DBD952B8}
	EndGlobalSection
EndGlobal
